
Microsoft Visual Studio Solution File, Format Version 12.00
# Visual Studio Version 16
VisualStudioVersion = 16.0.31829.152
MinimumVisualStudioVersion = 10.0.40219.1
Project("{FAE04EC0-301F-11D3-BF4B-00C04F79EFBC}") = "REGEX-19 PROBLEM", "REGEX-19 PROBLEM\REGEX-19 PROBLEM.csproj", "{11C313F4-07B3-4281-A7C5-402915085EEE}"
EndProject
Global
	GlobalSection(SolutionConfigurationPlatforms) = preSolution
		Debug|Any CPU = Debug|Any CPU
		Release|Any CPU = Release|Any CPU
	EndGlobalSection
	GlobalSection(ProjectConfigurationPlatforms) = postSolution
		{11C313F4-07B3-4281-A7C5-402915085EEE}.Debug|Any CPU.ActiveCfg = Debug|Any CPU
		{11C313F4-07B3-4281-A7C5-402915085EEE}.Debug|Any CPU.Build.0 = Debug|Any CPU
		{11C313F4-07B3-4281-A7C5-402915085EEE}.Release|Any CPU.ActiveCfg = Release|Any CPU
		{11C313F4-07B3-4281-A7C5-402915085EEE}.Release|Any CPU.Build.0 = Release|Any CPU
	EndGlobalSection
	GlobalSection(SolutionProperties) = preSolution
		HideSolutionNode = FALSE
	EndGlobalSection
	GlobalSection(ExtensibilityGlobals) = postSolution
		SolutionGuid = {17EAEF92-7FB4-43D8-A65B-523FFEF4119C}
	EndGlobalSection
EndGlobal
